
Microsoft Visual Studio Solution File, Format Version 12.00
# Visual Studio Version 17
VisualStudioVersion = 17.12.35527.113 d17.12
MinimumVisualStudioVersion = 10.0.40219.1
Project("{FAE04EC0-301F-11D3-BF4B-00C04F79EFBC}") = "PicPaySimplificado", "PicPaySimplificado.csproj", "{42E16D9B-2571-469D-A203-0E2AC24B2A59}"
EndProject
Global
	GlobalSection(SolutionConfigurationPlatforms) = preSolution
		Debug|Any CPU = Debug|Any CPU
		Release|Any CPU = Release|Any CPU
	EndGlobalSection
	GlobalSection(ProjectConfigurationPlatforms) = postSolution
		{42E16D9B-2571-469D-A203-0E2AC24B2A59}.Debug|Any CPU.ActiveCfg = Debug|Any CPU
		{42E16D9B-2571-469D-A203-0E2AC24B2A59}.Debug|Any CPU.Build.0 = Debug|Any CPU
		{42E16D9B-2571-469D-A203-0E2AC24B2A59}.Release|Any CPU.ActiveCfg = Release|Any CPU
		{42E16D9B-2571-469D-A203-0E2AC24B2A59}.Release|Any CPU.Build.0 = Release|Any CPU
	EndGlobalSection
	GlobalSection(SolutionProperties) = preSolution
		HideSolutionNode = FALSE
	EndGlobalSection
EndGlobal
